
Microsoft Visual Studio Solution File, Format Version 12.00
# Visual Studio Version 17
VisualStudioVersion = 17.11.35222.181
MinimumVisualStudioVersion = 10.0.40219.1
Project("{2150E333-8FDC-42A3-9474-1A3956D46DE8}") = "Task0", "Task0", "{B5ED16FF-A88D-489C-B536-9543CD5E5414}"
EndProject
Project("{FAE04EC0-301F-11D3-BF4B-00C04F79EFBC}") = "Tyuiu.TyazhovLA.Sprint2.Task0.V30", "Tyuiu.TyazhovLA.Sprint2.Task0.V30\Tyuiu.TyazhovLA.Sprint2.Task0.V30.csproj", "{898F3E14-7FB0-4197-85E8-B7CBEACB749A}"
EndProject
Project("{FAE04EC0-301F-11D3-BF4B-00C04F79EFBC}") = "Tyuiu.TyazhovLA.Sprint2.Task0.V30.Lib", "Tyuiu.TyazhovLA.Sprint2.Task0.V30.Lib\Tyuiu.TyazhovLA.Sprint2.Task0.V30.Lib.csproj", "{8E8CB480-1DEE-438F-A6AA-A61644CBD3EB}"
EndProject
Project("{FAE04EC0-301F-11D3-BF4B-00C04F79EFBC}") = "Tyuiu.TyazhovLA.Sprint2.Task0.V30.Test", "Tyuiu.TyazhovLA.Sprint2.Task0.V30.Test\Tyuiu.TyazhovLA.Sprint2.Task0.V30.Test.csproj", "{1EEF87C6-FC30-4993-80CA-8F4AA7FC2940}"
EndProject
Project("{2150E333-8FDC-42A3-9474-1A3956D46DE8}") = "Task1", "Task1", "{C51E1555-0353-412D-AD07-B42DB40DD154}"
EndProject
Project("{FAE04EC0-301F-11D3-BF4B-00C04F79EFBC}") = "Tyuiu.TyazhovLA.Sprint2.Task1.V15", "Tyuiu.TyazhovLA.Sprint2.Task1.V15\Tyuiu.TyazhovLA.Sprint2.Task1.V15.csproj", "{6112099D-1C03-4B8A-8B89-5035B4FA4BBF}"
EndProject
Project("{FAE04EC0-301F-11D3-BF4B-00C04F79EFBC}") = "Tyuiu.TyazhovLA.Sprint2.Task1.V15.Lib", "Tyuiu.TyazhovLA.Sprint2.Task1.V15.Lib\Tyuiu.TyazhovLA.Sprint2.Task1.V15.Lib.csproj", "{0B5CE252-7728-4A0F-8779-8CACCBD66DDA}"
EndProject
Project("{FAE04EC0-301F-11D3-BF4B-00C04F79EFBC}") = "Tyuiu.TyazhovLA.Sprint2.Task1.V15.Test", "Tyuiu.TyazhovLA.Sprint2.Task1.V15.Test\Tyuiu.TyazhovLA.Sprint2.Task1.V15.Test.csproj", "{BD393B8D-1D9B-4F9A-83DF-5BB2E4F18B09}"
EndProject
Project("{2150E333-8FDC-42A3-9474-1A3956D46DE8}") = "Task2", "Task2", "{4C276F7B-B9A0-444B-BE7E-69F2132ECA0F}"
EndProject
Project("{FAE04EC0-301F-11D3-BF4B-00C04F79EFBC}") = "Tyuiu.TyazhovLA.Sprint2.Task2.V20", "Tyuiu.TyazhovLA.Sprint2.Task2.V20\Tyuiu.TyazhovLA.Sprint2.Task2.V20.csproj", "{A7970A4D-C42B-45CB-988A-CA9D9EBC5561}"
EndProject
Project("{FAE04EC0-301F-11D3-BF4B-00C04F79EFBC}") = "Tyuiu.TyazhovLA.Sprint2.Task2.V20.Lib", "Tyuiu.TyazhovLA.Sprint2.Task2.V20.Lib\Tyuiu.TyazhovLA.Sprint2.Task2.V20.Lib.csproj", "{34DD75CA-D0B2-4A2B-A842-065EE2A810D6}"
EndProject
Project("{FAE04EC0-301F-11D3-BF4B-00C04F79EFBC}") = "Tyuiu.TyazhovLA.Sprint2.Task2.V20.Test", "Tyuiu.TyazhovLA.Sprint2.Task2.V20.Test\Tyuiu.TyazhovLA.Sprint2.Task2.V20.Test.csproj", "{3DA86BA9-3904-4746-82B5-CEA67949F1C2}"
EndProject
Project("{2150E333-8FDC-42A3-9474-1A3956D46DE8}") = "Task3", "Task3", "{C8923271-544E-4E6C-8BEF-836C09BF9145}"
EndProject
Project("{FAE04EC0-301F-11D3-BF4B-00C04F79EFBC}") = "Tyuiu.TyazhovLA.Sprint2.Task3.V26", "Tyuiu.TyazhovLA.Sprint2.Task3.V26\Tyuiu.TyazhovLA.Sprint2.Task3.V26.csproj", "{3C97BCD3-18E6-4D29-A877-235FE754521F}"
EndProject
Project("{FAE04EC0-301F-11D3-BF4B-00C04F79EFBC}") = "Tyuiu.TyazhovLA.Sprint2.Task3.V26.Lib", "Tyuiu.TyazhovLA.Sprint2.Task3.V26.Lib\Tyuiu.TyazhovLA.Sprint2.Task3.V26.Lib.csproj", "{E52C2314-8214-4D8F-952D-1660F890A80F}"
EndProject
Project("{FAE04EC0-301F-11D3-BF4B-00C04F79EFBC}") = "Tyuiu.TyazhovLA.Sprint2.Task3.V26.Test", "Tyuiu.TyazhovLA.Sprint2.Task3.V26.Test\Tyuiu.TyazhovLA.Sprint2.Task3.V26.Test.csproj", "{F2CB42FA-BDCC-4926-ACA3-47C677D479A5}"
EndProject
Project("{2150E333-8FDC-42A3-9474-1A3956D46DE8}") = "Task4", "Task4", "{ACC80CB3-92E2-4A0F-B0E7-A1398F226B93}"
EndProject
Project("{FAE04EC0-301F-11D3-BF4B-00C04F79EFBC}") = "Tyuiu.TyazhovLA.Sprint2.Task4.V5", "Tyuiu.TyazhovLA.Sprint2.Task4.V5\Tyuiu.TyazhovLA.Sprint2.Task4.V5.csproj", "{6408681F-6544-4DB8-84F1-F3609C6DA02C}"
EndProject
Project("{FAE04EC0-301F-11D3-BF4B-00C04F79EFBC}") = "Tyuiu.TyazhovLA.Sprint2.Task4.V5.Lib", "Tyuiu.TyazhovLA.Sprint2.Task4.V5.Lib\Tyuiu.TyazhovLA.Sprint2.Task4.V5.Lib.csproj", "{772BCAF8-E734-4D64-AF43-6005E3CA3242}"
EndProject
Project("{FAE04EC0-301F-11D3-BF4B-00C04F79EFBC}") = "Tyuiu.TyazhovLA.Sprint2.Task4.V5.Test", "Tyuiu.TyazhovLA.Sprint2.Task4.V5.Test\Tyuiu.TyazhovLA.Sprint2.Task4.V5.Test.csproj", "{265EE188-F04E-43FC-BCF0-2FDAA1823FC8}"
EndProject
Project("{2150E333-8FDC-42A3-9474-1A3956D46DE8}") = "Task5", "Task5", "{5120E897-FCFF-4C7A-9539-BA9BA32DF415}"
EndProject
Project("{FAE04EC0-301F-11D3-BF4B-00C04F79EFBC}") = "Tyuiu.TyazhovLA.Sprint2.Task5.V9", "Tyuiu.TyazhovLA.Sprint2.Task5.V9\Tyuiu.TyazhovLA.Sprint2.Task5.V9.csproj", "{42110E0F-738D-4A5D-9C55-A94EAC096A1E}"
EndProject
Project("{FAE04EC0-301F-11D3-BF4B-00C04F79EFBC}") = "Tyuiu.TyazhovLA.Sprint2.Task5.V9.Lib", "Tyuiu.TyazhovLA.Sprint2.Task5.V9.Lib\Tyuiu.TyazhovLA.Sprint2.Task5.V9.Lib.csproj", "{7312B729-9BC3-4FC6-AEAA-80F80DF67C6C}"
EndProject
Project("{FAE04EC0-301F-11D3-BF4B-00C04F79EFBC}") = "Tyuiu.TyazhovLA.Sprint2.Task5.V9.Test", "Tyuiu.TyazhovLA.Sprint2.Task5.V9.Test\Tyuiu.TyazhovLA.Sprint2.Task5.V9.Test.csproj", "{2B72E752-8955-497F-9E4C-5C4AC6FE86D6}"
EndProject
Global
	GlobalSection(SolutionConfigurationPlatforms) = preSolution
		Debug|Any CPU = Debug|Any CPU
		Release|Any CPU = Release|Any CPU
	EndGlobalSection
	GlobalSection(ProjectConfigurationPlatforms) = postSolution
		{898F3E14-7FB0-4197-85E8-B7CBEACB749A}.Debug|Any CPU.ActiveCfg = Debug|Any CPU
		{898F3E14-7FB0-4197-85E8-B7CBEACB749A}.Debug|Any CPU.Build.0 = Debug|Any CPU
		{898F3E14-7FB0-4197-85E8-B7CBEACB749A}.Release|Any CPU.ActiveCfg = Release|Any CPU
		{898F3E14-7FB0-4197-85E8-B7CBEACB749A}.Release|Any CPU.Build.0 = Release|Any CPU
		{8E8CB480-1DEE-438F-A6AA-A61644CBD3EB}.Debug|Any CPU.ActiveCfg = Debug|Any CPU
		{8E8CB480-1DEE-438F-A6AA-A61644CBD3EB}.Debug|Any CPU.Build.0 = Debug|Any CPU
		{8E8CB480-1DEE-438F-A6AA-A61644CBD3EB}.Release|Any CPU.ActiveCfg = Release|Any CPU
		{8E8CB480-1DEE-438F-A6AA-A61644CBD3EB}.Release|Any CPU.Build.0 = Release|Any CPU
		{1EEF87C6-FC30-4993-80CA-8F4AA7FC2940}.Debug|Any CPU.ActiveCfg = Debug|Any CPU
		{1EEF87C6-FC30-4993-80CA-8F4AA7FC2940}.Debug|Any CPU.Build.0 = Debug|Any CPU
		{1EEF87C6-FC30-4993-80CA-8F4AA7FC2940}.Release|Any CPU.ActiveCfg = Release|Any CPU
		{1EEF87C6-FC30-4993-80CA-8F4AA7FC2940}.Release|Any CPU.Build.0 = Release|Any CPU
		{6112099D-1C03-4B8A-8B89-5035B4FA4BBF}.Debug|Any CPU.ActiveCfg = Debug|Any CPU
		{6112099D-1C03-4B8A-8B89-5035B4FA4BBF}.Debug|Any CPU.Build.0 = Debug|Any CPU
		{6112099D-1C03-4B8A-8B89-5035B4FA4BBF}.Release|Any CPU.ActiveCfg = Release|Any CPU
		{6112099D-1C03-4B8A-8B89-5035B4FA4BBF}.Release|Any CPU.Build.0 = Release|Any CPU
		{0B5CE252-7728-4A0F-8779-8CACCBD66DDA}.Debug|Any CPU.ActiveCfg = Debug|Any CPU
		{0B5CE252-7728-4A0F-8779-8CACCBD66DDA}.Debug|Any CPU.Build.0 = Debug|Any CPU
		{0B5CE252-7728-4A0F-8779-8CACCBD66DDA}.Release|Any CPU.ActiveCfg = Release|Any CPU
		{0B5CE252-7728-4A0F-8779-8CACCBD66DDA}.Release|Any CPU.Build.0 = Release|Any CPU
		{BD393B8D-1D9B-4F9A-83DF-5BB2E4F18B09}.Debug|Any CPU.ActiveCfg = Debug|Any CPU
		{BD393B8D-1D9B-4F9A-83DF-5BB2E4F18B09}.Debug|Any CPU.Build.0 = Debug|Any CPU
		{BD393B8D-1D9B-4F9A-83DF-5BB2E4F18B09}.Release|Any CPU.ActiveCfg = Release|Any CPU
		{BD393B8D-1D9B-4F9A-83DF-5BB2E4F18B09}.Release|Any CPU.Build.0 = Release|Any CPU
		{A7970A4D-C42B-45CB-988A-CA9D9EBC5561}.Debug|Any CPU.ActiveCfg = Debug|Any CPU
		{A7970A4D-C42B-45CB-988A-CA9D9EBC5561}.Debug|Any CPU.Build.0 = Debug|Any CPU
		{A7970A4D-C42B-45CB-988A-CA9D9EBC5561}.Release|Any CPU.ActiveCfg = Release|Any CPU
		{A7970A4D-C42B-45CB-988A-CA9D9EBC5561}.Release|Any CPU.Build.0 = Release|Any CPU
		{34DD75CA-D0B2-4A2B-A842-065EE2A810D6}.Debug|Any CPU.ActiveCfg = Debug|Any CPU
		{34DD75CA-D0B2-4A2B-A842-065EE2A810D6}.Debug|Any CPU.Build.0 = Debug|Any CPU
		{34DD75CA-D0B2-4A2B-A842-065EE2A810D6}.Release|Any CPU.ActiveCfg = Release|Any CPU
		{34DD75CA-D0B2-4A2B-A842-065EE2A810D6}.Release|Any CPU.Build.0 = Release|Any CPU
		{3DA86BA9-3904-4746-82B5-CEA67949F1C2}.Debug|Any CPU.ActiveCfg = Debug|Any CPU
		{3DA86BA9-3904-4746-82B5-CEA67949F1C2}.Debug|Any CPU.Build.0 = Debug|Any CPU
		{3DA86BA9-3904-4746-82B5-CEA67949F1C2}.Release|Any CPU.ActiveCfg = Release|Any CPU
		{3DA86BA9-3904-4746-82B5-CEA67949F1C2}.Release|Any CPU.Build.0 = Release|Any CPU
		{3C97BCD3-18E6-4D29-A877-235FE754521F}.Debug|Any CPU.ActiveCfg = Debug|Any CPU
		{3C97BCD3-18E6-4D29-A877-235FE754521F}.Debug|Any CPU.Build.0 = Debug|Any CPU
		{3C97BCD3-18E6-4D29-A877-235FE754521F}.Release|Any CPU.ActiveCfg = Release|Any CPU
		{3C97BCD3-18E6-4D29-A877-235FE754521F}.Release|Any CPU.Build.0 = Release|Any CPU
		{E52C2314-8214-4D8F-952D-1660F890A80F}.Debug|Any CPU.ActiveCfg = Debug|Any CPU
		{E52C2314-8214-4D8F-952D-1660F890A80F}.Debug|Any CPU.Build.0 = Debug|Any CPU
		{E52C2314-8214-4D8F-952D-1660F890A80F}.Release|Any CPU.ActiveCfg = Release|Any CPU
		{E52C2314-8214-4D8F-952D-1660F890A80F}.Release|Any CPU.Build.0 = Release|Any CPU
		{F2CB42FA-BDCC-4926-ACA3-47C677D479A5}.Debug|Any CPU.ActiveCfg = Debug|Any CPU
		{F2CB42FA-BDCC-4926-ACA3-47C677D479A5}.Debug|Any CPU.Build.0 = Debug|Any CPU
		{F2CB42FA-BDCC-4926-ACA3-47C677D479A5}.Release|Any CPU.ActiveCfg = Release|Any CPU
		{F2CB42FA-BDCC-4926-ACA3-47C677D479A5}.Release|Any CPU.Build.0 = Release|Any CPU
		{6408681F-6544-4DB8-84F1-F3609C6DA02C}.Debug|Any CPU.ActiveCfg = Debug|Any CPU
		{6408681F-6544-4DB8-84F1-F3609C6DA02C}.Debug|Any CPU.Build.0 = Debug|Any CPU
		{6408681F-6544-4DB8-84F1-F3609C6DA02C}.Release|Any CPU.ActiveCfg = Release|Any CPU
		{6408681F-6544-4DB8-84F1-F3609C6DA02C}.Release|Any CPU.Build.0 = Release|Any CPU
		{772BCAF8-E734-4D64-AF43-6005E3CA3242}.Debug|Any CPU.ActiveCfg = Debug|Any CPU
		{772BCAF8-E734-4D64-AF43-6005E3CA3242}.Debug|Any CPU.Build.0 = Debug|Any CPU
		{772BCAF8-E734-4D64-AF43-6005E3CA3242}.Release|Any CPU.ActiveCfg = Release|Any CPU
		{772BCAF8-E734-4D64-AF43-6005E3CA3242}.Release|Any CPU.Build.0 = Release|Any CPU
		{265EE188-F04E-43FC-BCF0-2FDAA1823FC8}.Debug|Any CPU.ActiveCfg = Debug|Any CPU
		{265EE188-F04E-43FC-BCF0-2FDAA1823FC8}.Debug|Any CPU.Build.0 = Debug|Any CPU
		{265EE188-F04E-43FC-BCF0-2FDAA1823FC8}.Release|Any CPU.ActiveCfg = Release|Any CPU
		{265EE188-F04E-43FC-BCF0-2FDAA1823FC8}.Release|Any CPU.Build.0 = Release|Any CPU
		{42110E0F-738D-4A5D-9C55-A94EAC096A1E}.Debug|Any CPU.ActiveCfg = Debug|Any CPU
		{42110E0F-738D-4A5D-9C55-A94EAC096A1E}.Debug|Any CPU.Build.0 = Debug|Any CPU
		{42110E0F-738D-4A5D-9C55-A94EAC096A1E}.Release|Any CPU.ActiveCfg = Release|Any CPU
		{42110E0F-738D-4A5D-9C55-A94EAC096A1E}.Release|Any CPU.Build.0 = Release|Any CPU
		{7312B729-9BC3-4FC6-AEAA-80F80DF67C6C}.Debug|Any CPU.ActiveCfg = Debug|Any CPU
		{7312B729-9BC3-4FC6-AEAA-80F80DF67C6C}.Debug|Any CPU.Build.0 = Debug|Any CPU
		{7312B729-9BC3-4FC6-AEAA-80F80DF67C6C}.Release|Any CPU.ActiveCfg = Release|Any CPU
		{7312B729-9BC3-4FC6-AEAA-80F80DF67C6C}.Release|Any CPU.Build.0 = Release|Any CPU
		{2B72E752-8955-497F-9E4C-5C4AC6FE86D6}.Debug|Any CPU.ActiveCfg = Debug|Any CPU
		{2B72E752-8955-497F-9E4C-5C4AC6FE86D6}.Debug|Any CPU.Build.0 = Debug|Any CPU
		{2B72E752-8955-497F-9E4C-5C4AC6FE86D6}.Release|Any CPU.ActiveCfg = Release|Any CPU
		{2B72E752-8955-497F-9E4C-5C4AC6FE86D6}.Release|Any CPU.Build.0 = Release|Any CPU
	EndGlobalSection
	GlobalSection(SolutionProperties) = preSolution
		HideSolutionNode = FALSE
	EndGlobalSection
	GlobalSection(NestedProjects) = preSolution
		{898F3E14-7FB0-4197-85E8-B7CBEACB749A} = {B5ED16FF-A88D-489C-B536-9543CD5E5414}
		{8E8CB480-1DEE-438F-A6AA-A61644CBD3EB} = {B5ED16FF-A88D-489C-B536-9543CD5E5414}
		{1EEF87C6-FC30-4993-80CA-8F4AA7FC2940} = {B5ED16FF-A88D-489C-B536-9543CD5E5414}
		{6112099D-1C03-4B8A-8B89-5035B4FA4BBF} = {C51E1555-0353-412D-AD07-B42DB40DD154}
		{0B5CE252-7728-4A0F-8779-8CACCBD66DDA} = {C51E1555-0353-412D-AD07-B42DB40DD154}
		{BD393B8D-1D9B-4F9A-83DF-5BB2E4F18B09} = {C51E1555-0353-412D-AD07-B42DB40DD154}
		{A7970A4D-C42B-45CB-988A-CA9D9EBC5561} = {4C276F7B-B9A0-444B-BE7E-69F2132ECA0F}
		{34DD75CA-D0B2-4A2B-A842-065EE2A810D6} = {4C276F7B-B9A0-444B-BE7E-69F2132ECA0F}
		{3DA86BA9-3904-4746-82B5-CEA67949F1C2} = {4C276F7B-B9A0-444B-BE7E-69F2132ECA0F}
		{3C97BCD3-18E6-4D29-A877-235FE754521F} = {C8923271-544E-4E6C-8BEF-836C09BF9145}
		{E52C2314-8214-4D8F-952D-1660F890A80F} = {C8923271-544E-4E6C-8BEF-836C09BF9145}
		{F2CB42FA-BDCC-4926-ACA3-47C677D479A5} = {C8923271-544E-4E6C-8BEF-836C09BF9145}
		{6408681F-6544-4DB8-84F1-F3609C6DA02C} = {ACC80CB3-92E2-4A0F-B0E7-A1398F226B93}
		{772BCAF8-E734-4D64-AF43-6005E3CA3242} = {ACC80CB3-92E2-4A0F-B0E7-A1398F226B93}
		{265EE188-F04E-43FC-BCF0-2FDAA1823FC8} = {ACC80CB3-92E2-4A0F-B0E7-A1398F226B93}
		{42110E0F-738D-4A5D-9C55-A94EAC096A1E} = {5120E897-FCFF-4C7A-9539-BA9BA32DF415}
		{7312B729-9BC3-4FC6-AEAA-80F80DF67C6C} = {5120E897-FCFF-4C7A-9539-BA9BA32DF415}
		{2B72E752-8955-497F-9E4C-5C4AC6FE86D6} = {5120E897-FCFF-4C7A-9539-BA9BA32DF415}
	EndGlobalSection
	GlobalSection(ExtensibilityGlobals) = postSolution
		SolutionGuid = {8C8494C7-42B2-42BE-B713-137EF1B24036}
	EndGlobalSection
EndGlobal
